
Microsoft Visual Studio Solution File, Format Version 12.00
# Visual Studio Version 17
VisualStudioVersion = 17.6.33723.286
MinimumVisualStudioVersion = 10.0.40219.1
Project("{FAE04EC0-301F-11D3-BF4B-00C04F79EFBC}") = "Directory", "Directory\Directory.csproj", "{54F15B15-148B-4493-ADBD-AF37E6E718CF}"
EndProject
Global
	GlobalSection(SolutionConfigurationPlatforms) = preSolution
		Debug|Any CPU = Debug|Any CPU
		Release|Any CPU = Release|Any CPU
	EndGlobalSection
	GlobalSection(ProjectConfigurationPlatforms) = postSolution
		{54F15B15-148B-4493-ADBD-AF37E6E718CF}.Debug|Any CPU.ActiveCfg = Debug|Any CPU
		{54F15B15-148B-4493-ADBD-AF37E6E718CF}.Debug|Any CPU.Build.0 = Debug|Any CPU
		{54F15B15-148B-4493-ADBD-AF37E6E718CF}.Release|Any CPU.ActiveCfg = Release|Any CPU
		{54F15B15-148B-4493-ADBD-AF37E6E718CF}.Release|Any CPU.Build.0 = Release|Any CPU
	EndGlobalSection
	GlobalSection(SolutionProperties) = preSolution
		HideSolutionNode = FALSE
	EndGlobalSection
	GlobalSection(ExtensibilityGlobals) = postSolution
		SolutionGuid = {F22359A2-A5A3-4C79-9C01-6DD7768C2BDB}
	EndGlobalSection
EndGlobal
